// !$*UTF8*$!
{
	archiveVersion = 1;
	classes = {
	};
	objectVersion = 56;
	objects = {

/* Begin PBXBuildFile section */
		697D4CE52C43470C00452DD0 /* AppDelegate.swift in Sources */ = {isa = PBXBuildFile; fileRef = 697D4CE42C43470C00452DD0 /* AppDelegate.swift */; };
		697D4CE72C43470C00452DD0 /* SceneDelegate.swift in Sources */ = {isa = PBXBuildFile; fileRef = 697D4CE62C43470C00452DD0 /* SceneDelegate.swift */; };
		697D4CE92C43470C00452DD0 /* ViewController.swift in Sources */ = {isa = PBXBuildFile; fileRef = 697D4CE82C43470C00452DD0 /* ViewController.swift */; };
		697D4CEC2C43470C00452DD0 /* Base in Resources */ = {isa = PBXBuildFile; fileRef = 697D4CEB2C43470C00452DD0 /* Base */; };
		697D4CEE2C43470C00452DD0 /* Assets.xcassets in Resources */ = {isa = PBXBuildFile; fileRef = 697D4CED2C43470C00452DD0 /* Assets.xcassets */; };
		697D4CF12C43470C00452DD0 /* Base in Resources */ = {isa = PBXBuildFile; fileRef = 697D4CF02C43470C00452DD0 /* Base */; };
		697D4CFC2C43470C00452DD0 /* DiceIos_BetaTests.swift in Sources */ = {isa = PBXBuildFile; fileRef = 697D4CFB2C43470C00452DD0 /* DiceIos_BetaTests.swift */; };
		697D4D062C43470C00452DD0 /* DiceIos_BetaUITests.swift in Sources */ = {isa = PBXBuildFile; fileRef = 697D4D052C43470C00452DD0 /* DiceIos_BetaUITests.swift */; };
		697D4D082C43470C00452DD0 /* DiceIos_BetaUITestsLaunchTests.swift in Sources */ = {isa = PBXBuildFile; fileRef = 697D4D072C43470C00452DD0 /* DiceIos_BetaUITestsLaunchTests.swift */; };
/* End PBXBuildFile section */

/* Begin PBXContainerItemProxy section */
		697D4CF82C43470C00452DD0 /* PBXContainerItemProxy */ = {
			isa = PBXContainerItemProxy;
			containerPortal = 697D4CD92C43470B00452DD0 /* Project object */;
			proxyType = 1;
			remoteGlobalIDString = 697D4CE02C43470C00452DD0;
			remoteInfo = DiceIos_Beta;
		};
		697D4D022C43470C00452DD0 /* PBXContainerItemProxy */ = {
			isa = PBXContainerItemProxy;
			containerPortal = 697D4CD92C43470B00452DD0 /* Project object */;
			proxyType = 1;
			remoteGlobalIDString = 697D4CE02C43470C00452DD0;
			remoteInfo = DiceIos_Beta;
		};
/* End PBXContainerItemProxy section */

/* Begin PBXFileReference section */
		697D4CE12C43470C00452DD0 /* DiceIos_Beta.app */ = {isa = PBXFileReference; explicitFileType = wrapper.application; includeInIndex = 0; path = DiceIos_Beta.app; sourceTree = BUILT_PRODUCTS_DIR; };
		697D4CE42C43470C00452DD0 /* AppDelegate.swift */ = {isa = PBXFileReference; lastKnownFileType = sourcecode.swift; path = AppDelegate.swift; sourceTree = "<group>"; };
		697D4CE62C43470C00452DD0 /* SceneDelegate.swift */ = {isa = PBXFileReference; lastKnownFileType = sourcecode.swift; path = SceneDelegate.swift; sourceTree = "<group>"; };
		697D4CE82C43470C00452DD0 /* ViewController.swift */ = {isa = PBXFileReference; lastKnownFileType = sourcecode.swift; path = ViewController.swift; sourceTree = "<group>"; };
		697D4CEB2C43470C00452DD0 /* Base */ = {isa = PBXFileReference; lastKnownFileType = file.storyboard; name = Base; path = Base.lproj/Main.storyboard; sourceTree = "<group>"; };
		697D4CED2C43470C00452DD0 /* Assets.xcassets */ = {isa = PBXFileReference; lastKnownFileType = folder.assetcatalog; path = Assets.xcassets; sourceTree = "<group>"; };
		697D4CF02C43470C00452DD0 /* Base */ = {isa = PBXFileReference; lastKnownFileType = file.storyboard; name = Base; path = Base.lproj/LaunchScreen.storyboard; sourceTree = "<group>"; };
		697D4CF22C43470C00452DD0 /* Info.plist */ = {isa = PBXFileReference; lastKnownFileType = text.plist.xml; path = Info.plist; sourceTree = "<group>"; };
		697D4CF72C43470C00452DD0 /* DiceIos_BetaTests.xctest */ = {isa = PBXFileReference; explicitFileType = wrapper.cfbundle; includeInIndex = 0; path = DiceIos_BetaTests.xctest; sourceTree = BUILT_PRODUCTS_DIR; };
		697D4CFB2C43470C00452DD0 /* DiceIos_BetaTests.swift */ = {isa = PBXFileReference; lastKnownFileType = sourcecode.swift; path = DiceIos_BetaTests.swift; sourceTree = "<group>"; };
		697D4D012C43470C00452DD0 /* DiceIos_BetaUITests.xctest */ = {isa = PBXFileReference; explicitFileType = wrapper.cfbundle; includeInIndex = 0; path = DiceIos_BetaUITests.xctest; sourceTree = BUILT_PRODUCTS_DIR; };
		697D4D052C43470C00452DD0 /* DiceIos_BetaUITests.swift */ = {isa = PBXFileReference; lastKnownFileType = sourcecode.swift; path = DiceIos_BetaUITests.swift; sourceTree = "<group>"; };
		697D4D072C43470C00452DD0 /* DiceIos_BetaUITestsLaunchTests.swift */ = {isa = PBXFileReference; lastKnownFileType = sourcecode.swift; path = DiceIos_BetaUITestsLaunchTests.swift; sourceTree = "<group>"; };
/* End PBXFileReference section */

/* Begin PBXFrameworksBuildPhase section */
		697D4CDE2C43470C00452DD0 /* Frameworks */ = {
			isa = PBXFrameworksBuildPhase;
			buildActionMask = 2147483647;
			files = (
			);
			runOnlyForDeploymentPostprocessing = 0;
		};
		697D4CF42C43470C00452DD0 /* Frameworks */ = {
			isa = PBXFrameworksBuildPhase;
			buildActionMask = 2147483647;
			files = (
			);
			runOnlyForDeploymentPostprocessing = 0;
		};
		697D4CFE2C43470C00452DD0 /* Frameworks */ = {
			isa = PBXFrameworksBuildPhase;
			buildActionMask = 2147483647;
			files = (
			);
			runOnlyForDeploymentPostprocessing = 0;
		};
/* End PBXFrameworksBuildPhase section */

/* Begin PBXGroup section */
		697D4CD82C43470B00452DD0 = {
			isa = PBXGroup;
			children = (
				697D4CE32C43470C00452DD0 /* DiceIos_Beta */,
				697D4CFA2C43470C00452DD0 /* DiceIos_BetaTests */,
				697D4D042C43470C00452DD0 /* DiceIos_BetaUITests */,
				697D4CE22C43470C00452DD0 /* Products */,
			);
			sourceTree = "<group>";
		};
		697D4CE22C43470C00452DD0 /* Products */ = {
			isa = PBXGroup;
			children = (
				697D4CE12C43470C00452DD0 /* DiceIos_Beta.app */,
				697D4CF72C43470C00452DD0 /* DiceIos_BetaTests.xctest */,
				697D4D012C43470C00452DD0 /* DiceIos_BetaUITests.xctest */,
			);
			name = Products;
			sourceTree = "<group>";
		};
		697D4CE32C43470C00452DD0 /* DiceIos_Beta */ = {
			isa = PBXGroup;
			children = (
				697D4CE42C43470C00452DD0 /* AppDelegate.swift */,
				697D4CE62C43470C00452DD0 /* SceneDelegate.swift */,
				697D4CE82C43470C00452DD0 /* ViewController.swift */,
				697D4CEA2C43470C00452DD0 /* Main.storyboard */,
				697D4CED2C43470C00452DD0 /* Assets.xcassets */,
				697D4CEF2C43470C00452DD0 /* LaunchScreen.storyboard */,
				697D4CF22C43470C00452DD0 /* Info.plist */,
			);
			path = DiceIos_Beta;
			sourceTree = "<group>";
		};
		697D4CFA2C43470C00452DD0 /* DiceIos_BetaTests */ = {
			isa = PBXGroup;
			children = (
				697D4CFB2C43470C00452DD0 /* DiceIos_BetaTests.swift */,
			);
			path = DiceIos_BetaTests;
			sourceTree = "<group>";
		};
		697D4D042C43470C00452DD0 /* DiceIos_BetaUITests */ = {
			isa = PBXGroup;
			children = (
				697D4D052C43470C00452DD0 /* DiceIos_BetaUITests.swift */,
				697D4D072C43470C00452DD0 /* DiceIos_BetaUITestsLaunchTests.swift */,
			);
			path = DiceIos_BetaUITests;
			sourceTree = "<group>";
		};
/* End PBXGroup section */

/* Begin PBXNativeTarget section */
		697D4CE02C43470C00452DD0 /* DiceIos_Beta */ = {
			isa = PBXNativeTarget;
			buildConfigurationList = 697D4D0B2C43470C00452DD0 /* Build configuration list for PBXNativeTarget "DiceIos_Beta" */;
			buildPhases = (
				697D4CDD2C43470C00452DD0 /* Sources */,
				697D4CDE2C43470C00452DD0 /* Frameworks */,
				697D4CDF2C43470C00452DD0 /* Resources */,
			);
			buildRules = (
			);
			dependencies = (
			);
			name = DiceIos_Beta;
			productName = DiceIos_Beta;
			productReference = 697D4CE12C43470C00452DD0 /* DiceIos_Beta.app */;
			productType = "com.apple.product-type.application";
		};
		697D4CF62C43470C00452DD0 /* DiceIos_BetaTests */ = {
			isa = PBXNativeTarget;
			buildConfigurationList = 697D4D0E2C43470C00452DD0 /* Build configuration list for PBXNativeTarget "DiceIos_BetaTests" */;
			buildPhases = (
				697D4CF32C43470C00452DD0 /* Sources */,
				697D4CF42C43470C00452DD0 /* Frameworks */,
				697D4CF52C43470C00452DD0 /* Resources */,
			);
			buildRules = (
			);
			dependencies = (
				697D4CF92C43470C00452DD0 /* PBXTargetDependency */,
			);
			name = DiceIos_BetaTests;
			productName = DiceIos_BetaTests;
			productReference = 697D4CF72C43470C00452DD0 /* DiceIos_BetaTests.xctest */;
			productType = "com.apple.product-type.bundle.unit-test";
		};
		697D4D002C43470C00452DD0 /* DiceIos_BetaUITests */ = {
			isa = PBXNativeTarget;
			buildConfigurationList = 697D4D112C43470C00452DD0 /* Build configuration list for PBXNativeTarget "DiceIos_BetaUITests" */;
			buildPhases = (
				697D4CFD2C43470C00452DD0 /* Sources */,
				697D4CFE2C43470C00452DD0 /* Frameworks */,
				697D4CFF2C43470C00452DD0 /* Resources */,
			);
			buildRules = (
			);
			dependencies = (
				697D4D032C43470C00452DD0 /* PBXTargetDependency */,
			);
			name = DiceIos_BetaUITests;
			productName = DiceIos_BetaUITests;
			productReference = 697D4D012C43470C00452DD0 /* DiceIos_BetaUITests.xctest */;
			productType = "com.apple.product-type.bundle.ui-testing";
		};
/* End PBXNativeTarget section */

/* Begin PBXProject section */
		697D4CD92C43470B00452DD0 /* Project object */ = {
			isa = PBXProject;
			attributes = {
				BuildIndependentTargetsInParallel = 1;
				LastSwiftUpdateCheck = 1540;
				LastUpgradeCheck = 1540;
				TargetAttributes = {
					697D4CE02C43470C00452DD0 = {
						CreatedOnToolsVersion = 15.4;
					};
					697D4CF62C43470C00452DD0 = {
						CreatedOnToolsVersion = 15.4;
						TestTargetID = 697D4CE02C43470C00452DD0;
					};
					697D4D002C43470C00452DD0 = {
						CreatedOnToolsVersion = 15.4;
						TestTargetID = 697D4CE02C43470C00452DD0;
					};
				};
			};
			buildConfigurationList = 697D4CDC2C43470B00452DD0 /* Build configuration list for PBXProject "DiceIos_Beta" */;
			compatibilityVersion = "Xcode 14.0";
			developmentRegion = en;
			hasScannedForEncodings = 0;
			knownRegions = (
				en,
				Base,
			);
			mainGroup = 697D4CD82C43470B00452DD0;
			productRefGroup = 697D4CE22C43470C00452DD0 /* Products */;
			projectDirPath = "";
			projectRoot = "";
			targets = (
				697D4CE02C43470C00452DD0 /* DiceIos_Beta */,
				697D4CF62C43470C00452DD0 /* DiceIos_BetaTests */,
				697D4D002C43470C00452DD0 /* DiceIos_BetaUITests */,
			);
		};
/* End PBXProject section */

/* Begin PBXResourcesBuildPhase section */
		697D4CDF2C43470C00452DD0 /* Resources */ = {
			isa = PBXResourcesBuildPhase;
			buildActionMask = 2147483647;
			files = (
				697D4CEE2C43470C00452DD0 /* Assets.xcassets in Resources */,
				697D4CF12C43470C00452DD0 /* Base in Resources */,
				697D4CEC2C43470C00452DD0 /* Base in Resources */,
			);
			runOnlyForDeploymentPostprocessing = 0;
		};
		697D4CF52C43470C00452DD0 /* Resources */ = {
			isa = PBXResourcesBuildPhase;
			buildActionMask = 2147483647;
			files = (
			);
			runOnlyForDeploymentPostprocessing = 0;
		};
		697D4CFF2C43470C00452DD0 /* Resources */ = {
			isa = PBXResourcesBuildPhase;
			buildActionMask = 2147483647;
			files = (
			);
			runOnlyForDeploymentPostprocessing = 0;
		};
/* End PBXResourcesBuildPhase section */

/* Begin PBXSourcesBuildPhase section */
		697D4CDD2C43470C00452DD0 /* Sources */ = {
			isa = PBXSourcesBuildPhase;
			buildActionMask = 2147483647;
			files = (
				697D4CE92C43470C00452DD0 /* ViewController.swift in Sources */,
				697D4CE52C43470C00452DD0 /* AppDelegate.swift in Sources */,
				697D4CE72C43470C00452DD0 /* SceneDelegate.swift in Sources */,
			);
			runOnlyForDeploymentPostprocessing = 0;
		};
		697D4CF32C43470C00452DD0 /* Sources */ = {
			isa = PBXSourcesBuildPhase;
			buildActionMask = 2147483647;
			files = (
				697D4CFC2C43470C00452DD0 /* DiceIos_BetaTests.swift in Sources */,
			);
			runOnlyForDeploymentPostprocessing = 0;
		};
		697D4CFD2C43470C00452DD0 /* Sources */ = {
			isa = PBXSourcesBuildPhase;
			buildActionMask = 2147483647;
			files = (
				697D4D062C43470C00452DD0 /* DiceIos_BetaUITests.swift in Sources */,
				697D4D082C43470C00452DD0 /* DiceIos_BetaUITestsLaunchTests.swift in Sources */,
			);
			runOnlyForDeploymentPostprocessing = 0;
		};
/* End PBXSourcesBuildPhase section */

/* Begin PBXTargetDependency section */
		697D4CF92C43470C00452DD0 /* PBXTargetDependency */ = {
			isa = PBXTargetDependency;
			target = 697D4CE02C43470C00452DD0 /* DiceIos_Beta */;
			targetProxy = 697D4CF82C43470C00452DD0 /* PBXContainerItemProxy */;
		};
		697D4D032C43470C00452DD0 /* PBXTargetDependency */ = {
			isa = PBXTargetDependency;
			target = 697D4CE02C43470C00452DD0 /* DiceIos_Beta */;
			targetProxy = 697D4D022C43470C00452DD0 /* PBXContainerItemProxy */;
		};
/* End PBXTargetDependency section */

/* Begin PBXVariantGroup section */
		697D4CEA2C43470C00452DD0 /* Main.storyboard */ = {
			isa = PBXVariantGroup;
			children = (
				697D4CEB2C43470C00452DD0 /* Base */,
			);
			name = Main.storyboard;
			sourceTree = "<group>";
		};
		697D4CEF2C43470C00452DD0 /* LaunchScreen.storyboard */ = {
			isa = PBXVariantGroup;
			children = (
				697D4CF02C43470C00452DD0 /* Base */,
			);
			name = LaunchScreen.storyboard;
			sourceTree = "<group>";
		};
/* End PBXVariantGroup section */

/* Begin XCBuildConfiguration section */
		697D4D092C43470C00452DD0 /* Debug */ = {
			isa = XCBuildConfiguration;
			buildSettings = {
				ALWAYS_SEARCH_USER_PATHS = NO;
				ASSETCATALOG_COMPILER_GENERATE_SWIFT_ASSET_SYMBOL_EXTENSIONS = YES;
				CLANG_ANALYZER_NONNULL = YES;
				CLANG_ANALYZER_NUMBER_OBJECT_CONVERSION = YES_AGGRESSIVE;
				CLANG_CXX_LANGUAGE_STANDARD = "gnu++20";
				CLANG_ENABLE_MODULES = YES;
				CLANG_ENABLE_OBJC_ARC = YES;
				CLANG_ENABLE_OBJC_WEAK = YES;
				CLANG_WARN_BLOCK_CAPTURE_AUTORELEASING = YES;
				CLANG_WARN_BOOL_CONVERSION = YES;
				CLANG_WARN_COMMA = YES;
				CLANG_WARN_CONSTANT_CONVERSION = YES;
				CLANG_WARN_DEPRECATED_OBJC_IMPLEMENTATIONS = YES;
				CLANG_WARN_DIRECT_OBJC_ISA_USAGE = YES_ERROR;
				CLANG_WARN_DOCUMENTATION_COMMENTS = YES;
				CLANG_WARN_EMPTY_BODY = YES;
				CLANG_WARN_ENUM_CONVERSION = YES;
				CLANG_WARN_INFINITE_RECURSION = YES;
				CLANG_WARN_INT_CONVERSION = YES;
				CLANG_WARN_NON_LITERAL_NULL_CONVERSION = YES;
				CLANG_WARN_OBJC_IMPLICIT_RETAIN_SELF = YES;
				CLANG_WARN_OBJC_LITERAL_CONVERSION = YES;
				CLANG_WARN_OBJC_ROOT_CLASS = YES_ERROR;
				CLANG_WARN_QUOTED_INCLUDE_IN_FRAMEWORK_HEADER = YES;
				CLANG_WARN_RANGE_LOOP_ANALYSIS = YES;
				CLANG_WARN_STRICT_PROTOTYPES = YES;
				CLANG_WARN_SUSPICIOUS_MOVE = YES;
				CLANG_WARN_UNGUARDED_AVAILABILITY = YES_AGGRESSIVE;
				CLANG_WARN_UNREACHABLE_CODE = YES;
				CLANG_WARN__DUPLICATE_METHOD_MATCH = YES;
				COPY_PHASE_STRIP = NO;
				DEBUG_INFORMATION_FORMAT = dwarf;
				ENABLE_STRICT_OBJC_MSGSEND = YES;
				ENABLE_TESTABILITY = YES;
				ENABLE_USER_SCRIPT_SANDBOXING = YES;
				GCC_C_LANGUAGE_STANDARD = gnu17;
				GCC_DYNAMIC_NO_PIC = NO;
				GCC_NO_COMMON_BLOCKS = YES;
				GCC_OPTIMIZATION_LEVEL = 0;
				GCC_PREPROCESSOR_DEFINITIONS = (
					"DEBUG=1",
					"$(inherited)",
				);
				GCC_WARN_64_TO_32_BIT_CONVERSION = YES;
				GCC_WARN_ABOUT_RETURN_TYPE = YES_ERROR;
				GCC_WARN_UNDECLARED_SELECTOR = YES;
				GCC_WARN_UNINITIALIZED_AUTOS = YES_AGGRESSIVE;
				GCC_WARN_UNUSED_FUNCTION = YES;
				GCC_WARN_UNUSED_VARIABLE = YES;
				IPHONEOS_DEPLOYMENT_TARGET = 17.5;
				LOCALIZATION_PREFERS_STRING_CATALOGS = YES;
				MTL_ENABLE_DEBUG_INFO = INCLUDE_SOURCE;
				MTL_FAST_MATH = YES;
				ONLY_ACTIVE_ARCH = YES;
				SDKROOT = iphoneos;
				SWIFT_ACTIVE_COMPILATION_CONDITIONS = "DEBUG $(inherited)";
				SWIFT_OPTIMIZATION_LEVEL = "-Onone";
			};
			name = Debug;
		};
		697D4D0A2C43470C00452DD0 /* Release */ = {
			isa = XCBuildConfiguration;
			buildSettings = {
				ALWAYS_SEARCH_USER_PATHS = NO;
				ASSETCATALOG_COMPILER_GENERATE_SWIFT_ASSET_SYMBOL_EXTENSIONS = YES;
				CLANG_ANALYZER_NONNULL = YES;
				CLANG_ANALYZER_NUMBER_OBJECT_CONVERSION = YES_AGGRESSIVE;
				CLANG_CXX_LANGUAGE_STANDARD = "gnu++20";
				CLANG_ENABLE_MODULES = YES;
				CLANG_ENABLE_OBJC_ARC = YES;
				CLANG_ENABLE_OBJC_WEAK = YES;
				CLANG_WARN_BLOCK_CAPTURE_AUTORELEASING = YES;
				CLANG_WARN_BOOL_CONVERSION = YES;
				CLANG_WARN_COMMA = YES;
				CLANG_WARN_CONSTANT_CONVERSION = YES;
				CLANG_WARN_DEPRECATED_OBJC_IMPLEMENTATIONS = YES;
				CLANG_WARN_DIRECT_OBJC_ISA_USAGE = YES_ERROR;
				CLANG_WARN_DOCUMENTATION_COMMENTS = YES;
				CLANG_WARN_EMPTY_BODY = YES;
				CLANG_WARN_ENUM_CONVERSION = YES;
				CLANG_WARN_INFINITE_RECURSION = YES;
				CLANG_WARN_INT_CONVERSION = YES;
				CLANG_WARN_NON_LITERAL_NULL_CONVERSION = YES;
				CLANG_WARN_OBJC_IMPLICIT_RETAIN_SELF = YES;
				CLANG_WARN_OBJC_LITERAL_CONVERSION = YES;
				CLANG_WARN_OBJC_ROOT_CLASS = YES_ERROR;
				CLANG_WARN_QUOTED_INCLUDE_IN_FRAMEWORK_HEADER = YES;
				CLANG_WARN_RANGE_LOOP_ANALYSIS = YES;
				CLANG_WARN_STRICT_PROTOTYPES = YES;
				CLANG_WARN_SUSPICIOUS_MOVE = YES;
				CLANG_WARN_UNGUARDED_AVAILABILITY = YES_AGGRESSIVE;
				CLANG_WARN_UNREACHABLE_CODE = YES;
				CLANG_WARN__DUPLICATE_METHOD_MATCH = YES;
				COPY_PHASE_STRIP = NO;
				DEBUG_INFORMATION_FORMAT = "dwarf-with-dsym";
				ENABLE_NS_ASSERTIONS = NO;
				ENABLE_STRICT_OBJC_MSGSEND = YES;
				ENABLE_USER_SCRIPT_SANDBOXING = YES;
				GCC_C_LANGUAGE_STANDARD = gnu17;
				GCC_NO_COMMON_BLOCKS = YES;
				GCC_WARN_64_TO_32_BIT_CONVERSION = YES;
				GCC_WARN_ABOUT_RETURN_TYPE = YES_ERROR;
				GCC_WARN_UNDECLARED_SELECTOR = YES;
				GCC_WARN_UNINITIALIZED_AUTOS = YES_AGGRESSIVE;
				GCC_WARN_UNUSED_FUNCTION = YES;
				GCC_WARN_UNUSED_VARIABLE = YES;
				IPHONEOS_DEPLOYMENT_TARGET = 17.5;
				LOCALIZATION_PREFERS_STRING_CATALOGS = YES;
				MTL_ENABLE_DEBUG_INFO = NO;
				MTL_FAST_MATH = YES;
				SDKROOT = iphoneos;
				SWIFT_COMPILATION_MODE = wholemodule;
				VALIDATE_PRODUCT = YES;
			};
			name = Release;
		};
		697D4D0C2C43470C00452DD0 /* Debug */ = {
			isa = XCBuildConfiguration;
			buildSettings = {
				ASSETCATALOG_COMPILER_APPICON_NAME = AppIcon;
				ASSETCATALOG_COMPILER_GLOBAL_ACCENT_COLOR_NAME = AccentColor;
				CODE_SIGN_STYLE = Automatic;
				CURRENT_PROJECT_VERSION = 1;
				GENERATE_INFOPLIST_FILE = YES;
				INFOPLIST_FILE = DiceIos_Beta/Info.plist;
				INFOPLIST_KEY_UIApplicationSupportsIndirectInputEvents = YES;
				INFOPLIST_KEY_UILaunchStoryboardName = LaunchScreen;
				INFOPLIST_KEY_UIMainStoryboardFile = Main;
				INFOPLIST_KEY_UISupportedInterfaceOrientations_iPad = "UIInterfaceOrientationPortrait UIInterfaceOrientationPortraitUpsideDown UIInterfaceOrientationLandscapeLeft UIInterfaceOrientationLandscapeRight";
				INFOPLIST_KEY_UISupportedInterfaceOrientations_iPhone = "UIInterfaceOrientationPortrait UIInterfaceOrientationLandscapeLeft UIInterfaceOrientationLandscapeRight";
				IPHONEOS_DEPLOYMENT_TARGET = 13.0;
				LD_RUNPATH_SEARCH_PATHS = (
					"$(inherited)",
					"@executable_path/Frameworks",
				);
				MARKETING_VERSION = 1.0;
				PRODUCT_BUNDLE_IDENTIFIER = "com.harsh.I-am-Rich.DiceIos-Beta";
				PRODUCT_NAME = "$(TARGET_NAME)";
				SWIFT_EMIT_LOC_STRINGS = YES;
				SWIFT_VERSION = 5.0;
				TARGETED_DEVICE_FAMILY = "1,2";
			};
			name = Debug;
		};
		697D4D0D2C43470C00452DD0 /* Release */ = {
			isa = XCBuildConfiguration;
			buildSettings = {
				ASSETCATALOG_COMPILER_APPICON_NAME = AppIcon;
				ASSETCATALOG_COMPILER_GLOBAL_ACCENT_COLOR_NAME = AccentColor;
				CODE_SIGN_STYLE = Automatic;
				CURRENT_PROJECT_VERSION = 1;
				GENERATE_INFOPLIST_FILE = YES;
				INFOPLIST_FILE = DiceIos_Beta/Info.plist;
				INFOPLIST_KEY_UIApplicationSupportsIndirectInputEvents = YES;
				INFOPLIST_KEY_UILaunchStoryboardName = LaunchScreen;
				INFOPLIST_KEY_UIMainStoryboardFile = Main;
				INFOPLIST_KEY_UISupportedInterfaceOrientations_iPad = "UIInterfaceOrientationPortrait UIInterfaceOrientationPortraitUpsideDown UIInterfaceOrientationLandscapeLeft UIInterfaceOrientationLandscapeRight";
				INFOPLIST_KEY_UISupportedInterfaceOrientations_iPhone = "UIInterfaceOrientationPortrait UIInterfaceOrientationLandscapeLeft UIInterfaceOrientationLandscapeRight";
				IPHONEOS_DEPLOYMENT_TARGET = 13.0;
				LD_RUNPATH_SEARCH_PATHS = (
					"$(inherited)",
					"@executable_path/Frameworks",
				);
				MARKETING_VERSION = 1.0;
				PRODUCT_BUNDLE_IDENTIFIER = "com.harsh.I-am-Rich.DiceIos-Beta";
				PRODUCT_NAME = "$(TARGET_NAME)";
				SWIFT_EMIT_LOC_STRINGS = YES;
				SWIFT_VERSION = 5.0;
				TARGETED_DEVICE_FAMILY = "1,2";
			};
			name = Release;
		};
		697D4D0F2C43470C00452DD0 /* Debug */ = {
			isa = XCBuildConfiguration;
			buildSettings = {
				ALWAYS_EMBED_SWIFT_STANDARD_LIBRARIES = YES;
				BUNDLE_LOADER = "$(TEST_HOST)";
				CODE_SIGN_STYLE = Automatic;
				CURRENT_PROJECT_VERSION = 1;
				GENERATE_INFOPLIST_FILE = YES;
				IPHONEOS_DEPLOYMENT_TARGET = 17.5;
				MARKETING_VERSION = 1.0;
				PRODUCT_BUNDLE_IDENTIFIER = "com.harsh.I-am-Rich.DiceIos-BetaTests";
				PRODUCT_NAME = "$(TARGET_NAME)";
				SWIFT_EMIT_LOC_STRINGS = NO;
				SWIFT_VERSION = 5.0;
				TARGETED_DEVICE_FAMILY = "1,2";
				TEST_HOST = "$(BUILT_PRODUCTS_DIR)/DiceIos_Beta.app/$(BUNDLE_EXECUTABLE_FOLDER_PATH)/DiceIos_Beta";
			};
			name = Debug;
		};
		697D4D102C43470C00452DD0 /* Release */ = {
			isa = XCBuildConfiguration;
			buildSettings = {
				ALWAYS_EMBED_SWIFT_STANDARD_LIBRARIES = YES;
				BUNDLE_LOADER = "$(TEST_HOST)";
				CODE_SIGN_STYLE = Automatic;
				CURRENT_PROJECT_VERSION = 1;
				GENERATE_INFOPLIST_FILE = YES;
				IPHONEOS_DEPLOYMENT_TARGET = 17.5;
				MARKETING_VERSION = 1.0;
				PRODUCT_BUNDLE_IDENTIFIER = "com.harsh.I-am-Rich.DiceIos-BetaTests";
				PRODUCT_NAME = "$(TARGET_NAME)";
				SWIFT_EMIT_LOC_STRINGS = NO;
				SWIFT_VERSION = 5.0;
				TARGETED_DEVICE_FAMILY = "1,2";
				TEST_HOST = "$(BUILT_PRODUCTS_DIR)/DiceIos_Beta.app/$(BUNDLE_EXECUTABLE_FOLDER_PATH)/DiceIos_Beta";
			};
			name = Release;
		};
		697D4D122C43470C00452DD0 /* Debug */ = {
			isa = XCBuildConfiguration;
			buildSettings = {
				ALWAYS_EMBED_SWIFT_STANDARD_LIBRARIES = YES;
				CODE_SIGN_STYLE = Automatic;
				CURRENT_PROJECT_VERSION = 1;
				GENERATE_INFOPLIST_FILE = YES;
				MARKETING_VERSION = 1.0;
				PRODUCT_BUNDLE_IDENTIFIER = "com.harsh.I-am-Rich.DiceIos-BetaUITests";
				PRODUCT_NAME = "$(TARGET_NAME)";
				SWIFT_EMIT_LOC_STRINGS = NO;
				SWIFT_VERSION = 5.0;
				TARGETED_DEVICE_FAMILY = "1,2";
				TEST_TARGET_NAME = DiceIos_Beta;
			};
			name = Debug;
		};
		697D4D132C43470C00452DD0 /* Release */ = {
			isa = XCBuildConfiguration;
			buildSettings = {
				ALWAYS_EMBED_SWIFT_STANDARD_LIBRARIES = YES;
				CODE_SIGN_STYLE = Automatic;
				CURRENT_PROJECT_VERSION = 1;
				GENERATE_INFOPLIST_FILE = YES;
				MARKETING_VERSION = 1.0;
				PRODUCT_BUNDLE_IDENTIFIER = "com.harsh.I-am-Rich.DiceIos-BetaUITests";
				PRODUCT_NAME = "$(TARGET_NAME)";
				SWIFT_EMIT_LOC_STRINGS = NO;
				SWIFT_VERSION = 5.0;
				TARGETED_DEVICE_FAMILY = "1,2";
				TEST_TARGET_NAME = DiceIos_Beta;
			};
			name = Release;
		};
/* End XCBuildConfiguration section */

/* Begin XCConfigurationList section */
		697D4CDC2C43470B00452DD0 /* Build configuration list for PBXProject "DiceIos_Beta" */ = {
			isa = XCConfigurationList;
			buildConfigurations = (
				697D4D092C43470C00452DD0 /* Debug */,
				697D4D0A2C43470C00452DD0 /* Release */,
			);
			defaultConfigurationIsVisible = 0;
			defaultConfigurationName = Release;
		};
		697D4D0B2C43470C00452DD0 /* Build configuration list for PBXNativeTarget "DiceIos_Beta" */ = {
			isa = XCConfigurationList;
			buildConfigurations = (
				697D4D0C2C43470C00452DD0 /* Debug */,
				697D4D0D2C43470C00452DD0 /* Release */,
			);
			defaultConfigurationIsVisible = 0;
			defaultConfigurationName = Release;
		};
		697D4D0E2C43470C00452DD0 /* Build configuration list for PBXNativeTarget "DiceIos_BetaTests" */ = {
			isa = XCConfigurationList;
			buildConfigurations = (
				697D4D0F2C43470C00452DD0 /* Debug */,
				697D4D102C43470C00452DD0 /* Release */,
			);
			defaultConfigurationIsVisible = 0;
			defaultConfigurationName = Release;
		};
		697D4D112C43470C00452DD0 /* Build configuration list for PBXNativeTarget "DiceIos_BetaUITests" */ = {
			isa = XCConfigurationList;
			buildConfigurations = (
				697D4D122C43470C00452DD0 /* Debug */,
				697D4D132C43470C00452DD0 /* Release */,
			);
			defaultConfigurationIsVisible = 0;
			defaultConfigurationName = Release;
		};
/* End XCConfigurationList section */
	};
	rootObject = 697D4CD92C43470B00452DD0 /* Project object */;
}
